
Microsoft Visual Studio Solution File, Format Version 12.00
# Visual Studio Version 18
VisualStudioVersion = 18.8.12105.206 oobstable
MinimumVisualStudioVersion = 10.0.40219.1
Project("{FAE04EC0-301F-11D3-BF4B-00C04F79EFBC}") = "FantasyGuru", "FantasyGuru\FantasyGuru.csproj", "{C81DF81C-F04A-4B72-9F60-6B28503FC8F7}"
EndProject
Project("{FAE04EC0-301F-11D3-BF4B-00C04F79EFBC}") = "FantasyGuru.Tests", "FantasyGuru.Tests\FantasyGuru.Tests.csproj", "{2870EC9D-E5C9-4240-9314-32CF072D6AA1}"
EndProject
Project("{FAE04EC0-301F-11D3-BF4B-00C04F79EFBC}") = "FantasyGuruIntegration.Tests", "FantasyGuruIntegration.Tests\FantasyGuruIntegration.Tests.csproj", "{05F5C4E4-8994-4E13-879A-B1120F25CD6F}"
EndProject
Project("{FAE04EC0-301F-11D3-BF4B-00C04F79EFBC}") = "PlaywrightTest", "PlaywrightTest\PlaywrightTest.csproj", "{EB670CFC-EB7F-46E1-BC46-C1C677BBF85D}"
EndProject
Global
	GlobalSection(SolutionConfigurationPlatforms) = preSolution
		Debug|Any CPU = Debug|Any CPU
		Release|Any CPU = Release|Any CPU
	EndGlobalSection
	GlobalSection(ProjectConfigurationPlatforms) = postSolution
		{C81DF81C-F04A-4B72-9F60-6B28503FC8F7}.Debug|Any CPU.ActiveCfg = Debug|Any CPU
		{C81DF81C-F04A-4B72-9F60-6B28503FC8F7}.Debug|Any CPU.Build.0 = Debug|Any CPU
		{C81DF81C-F04A-4B72-9F60-6B28503FC8F7}.Release|Any CPU.ActiveCfg = Release|Any CPU
		{C81DF81C-F04A-4B72-9F60-6B28503FC8F7}.Release|Any CPU.Build.0 = Release|Any CPU
		{2870EC9D-E5C9-4240-9314-32CF072D6AA1}.Debug|Any CPU.ActiveCfg = Debug|Any CPU
		{2870EC9D-E5C9-4240-9314-32CF072D6AA1}.Debug|Any CPU.Build.0 = Debug|Any CPU
		{2870EC9D-E5C9-4240-9314-32CF072D6AA1}.Release|Any CPU.ActiveCfg = Release|Any CPU
		{2870EC9D-E5C9-4240-9314-32CF072D6AA1}.Release|Any CPU.Build.0 = Release|Any CPU
		{05F5C4E4-8994-4E13-879A-B1120F25CD6F}.Debug|Any CPU.ActiveCfg = Debug|Any CPU
		{05F5C4E4-8994-4E13-879A-B1120F25CD6F}.Debug|Any CPU.Build.0 = Debug|Any CPU
		{05F5C4E4-8994-4E13-879A-B1120F25CD6F}.Release|Any CPU.ActiveCfg = Release|Any CPU
		{05F5C4E4-8994-4E13-879A-B1120F25CD6F}.Release|Any CPU.Build.0 = Release|Any CPU
		{EB670CFC-EB7F-46E1-BC46-C1C677BBF85D}.Debug|Any CPU.ActiveCfg = Debug|Any CPU
		{EB670CFC-EB7F-46E1-BC46-C1C677BBF85D}.Debug|Any CPU.Build.0 = Debug|Any CPU
		{EB670CFC-EB7F-46E1-BC46-C1C677BBF85D}.Release|Any CPU.ActiveCfg = Release|Any CPU
		{EB670CFC-EB7F-46E1-BC46-C1C677BBF85D}.Release|Any CPU.Build.0 = Release|Any CPU
	EndGlobalSection
	GlobalSection(SolutionProperties) = preSolution
		HideSolutionNode = FALSE
	EndGlobalSection
	GlobalSection(ExtensibilityGlobals) = postSolution
		SolutionGuid = {728C4663-5227-4B9B-8B2B-A66E5FB0A5FE}
	EndGlobalSection
EndGlobal
